
Microsoft Visual Studio Solution File, Format Version 12.00
# Visual Studio Version 16
VisualStudioVersion = 16.0.31515.178
MinimumVisualStudioVersion = 10.0.40219.1
Project("{FAE04EC0-301F-11D3-BF4B-00C04F79EFBC}") = "BestOilWF", "BestOilWF\BestOilWF.csproj", "{540A42FD-80B7-46F3-98FF-7E06359C39A3}"
EndProject
Global
	GlobalSection(SolutionConfigurationPlatforms) = preSolution
		Debug|Any CPU = Debug|Any CPU
		Release|Any CPU = Release|Any CPU
	EndGlobalSection
	GlobalSection(ProjectConfigurationPlatforms) = postSolution
		{540A42FD-80B7-46F3-98FF-7E06359C39A3}.Debug|Any CPU.ActiveCfg = Debug|Any CPU
		{540A42FD-80B7-46F3-98FF-7E06359C39A3}.Debug|Any CPU.Build.0 = Debug|Any CPU
		{540A42FD-80B7-46F3-98FF-7E06359C39A3}.Release|Any CPU.ActiveCfg = Release|Any CPU
		{540A42FD-80B7-46F3-98FF-7E06359C39A3}.Release|Any CPU.Build.0 = Release|Any CPU
	EndGlobalSection
	GlobalSection(SolutionProperties) = preSolution
		HideSolutionNode = FALSE
	EndGlobalSection
	GlobalSection(ExtensibilityGlobals) = postSolution
		SolutionGuid = {868BA16B-F6E9-4986-860A-F5CCF0AABB52}
	EndGlobalSection
EndGlobal
